{
    "_meta": {
        "hash": {
            "sha256": "489c70d72b570d50b4ccf46a784ca4a914fbbf7d8a7c86b56e00d9b717b04ea3"
        },
        "pipfile-spec": 6,
        "requires": {
            "python_version": "3.7"
        },
        "sources": [
            {
                "name": "pypi",
                "url": "https://pypi.org/simple",
                "verify_ssl": true
            }
        ]
    },
    "default": {
        "grpcio": {
            "hashes": [
                "sha256:0698c094688a2dd4c7c2f2c0e3e142cac439a64d1cef6904c97f6cde38ba422f",
                "sha256:104a2210edd3776c38448b4f76c2f16e527adafbde171fc72a8a32976c20abc7",
                "sha256:14817de09317dd7d3fbc8272864288320739973ef0f4b56bf2c0032349da8cdf",
                "sha256:1948539ce78805d4e6256ab0e048ec793956d54787dc9d6777df71c1d19c7f81",
                "sha256:19caa5b7282a89b799e63776ff602bb39604f7ca98db6df27e2de06756ae86c3",
                "sha256:1b172e6d497191940c4b8d75b53de82dc252e15b61de2951d577ec5b43316b29",
                "sha256:1c734a2d4843e4e14ececf5600c3c4750990ec319e1299db7e4f0d02c25c1467",
                "sha256:2a912397eb8d23c177d6d64e3c8bc46b8a1c7680b090d9f13a640b104aaec77c",
                "sha256:2eddaae8af625e45b5c8500dcca1043264d751a6872cde2eda5022df8a336959",
                "sha256:55930c56b8f5b347d6c8c609cc341949a97e176c90f5cbb01d148d778f3bbd23",
                "sha256:658ffe1e39171be00490db5bd3b966f79634ac4215a1eb9a85c6cd6783bf7f6e",
                "sha256:6601d812105583948ab9c6e403a7e2dba6e387cc678c010e74f2d6d589d1d1b3",
                "sha256:6b6d60b0958be711bab047e9f4df5dbbc40367955f8651232bfdcdd21450b9ab",
                "sha256:6beb84f83360ff29a3654f43f251ec11b809dcb5524b698d711550243debd289",
                "sha256:752d2949b40e12e6ad3ed8cc552a65b54d226504f6b1fb67cab2ccee502cc06f",
                "sha256:7dc8584ca6c015ad82e186e82f4c0fe977394588f66b8ecfc4ec873285314619",
                "sha256:82434ba3a5935e47908bc861ce1ebc43c2edfc1001d235d6e31e5d3ed55815f7",
                "sha256:8270d1dc2c98ab57e6dbf36fa187db8df4c036f04a398e5d5e25b4e01a766d70",
                "sha256:8a48fd3a7222be226bb86b7b413ad248f17f3101a524018cdc4562eeae1eb2a3",
                "sha256:95952d3fe795b06af29bb8ec7bbf3342cdd867fc17b77cc25e6733d23fa6c519",
                "sha256:976a7f24eb213e8429cab78d5e120500dfcdeb01041f1f5a77b17b9101902615",
                "sha256:9c84a481451e7174f3a764a44150f93b041ab51045aa33d7b5b68b6979114e48",
                "sha256:a34d6e905f071f9b945cabbcc776e2055de1fdb59cd13683d9aa0a8f265b5bf9",
                "sha256:a4952899b4931a6ba12951f9a141ef3e74ff8a6ec9aa2dc602afa40f63595e33",
                "sha256:a96c3c7f564b263c5d7c0e49a337166c8611e89c4c919f66dba7b9a84abad137",
                "sha256:aef7d30242409c3aa5839b501e877e453a2c8d3759ca8230dd5a21cda029f046",
                "sha256:b5bd026ac928c96cc23149e6ef79183125542062eb6d1ccec34c0a37e02255e7",
                "sha256:b6a2ead3de3b2d53119d473aa2f224030257ef33af1e4ddabd4afee1dea5f04c",
                "sha256:ba074af9ca268ad7b05d3fc2b920b5fb3c083da94ab63637aaf67f4f71ecb755",
                "sha256:c5fb6f3d7824696c1c9f2ad36ddb080ba5a86f2d929ef712d511b4d9972d3d27",
                "sha256:c705e0c21acb0e8478a00e7e773ad0ecdb34bd0e4adc282d3d2f51ba3961aac7",
                "sha256:c7ad9fbedb93f331c2e9054e202e95cf825b885811f1bcbbdfdc301e451442db",
                "sha256:da95778d37be8e4e9afca771a83424f892296f5dfb2a100eda2571a1d8bbc0dc",
                "sha256:dad5b302a4c21c604d88a5d441973f320134e6ff6a84ecef9c1139e5ffd466f6",
                "sha256:dbc1ba968639c1d23476f75c356e549e7bbf2d8d6688717dcab5290e88e8482b",
                "sha256:ddb2511fbbb440ed9e5c9a4b9b870f2ed649b7715859fd6f2ebc585ee85c0364",
                "sha256:df9ba1183b3f649210788cf80c239041dddcb375d6142d8bccafcfdf549522cd",
                "sha256:e4f513d63df6336fd84b74b701f17d1bb3b64e9d78a6ed5b5e8a198bbbe8bbfa",
                "sha256:e6f90698b5d1c5dd7b3236cd1fa959d7b80e17923f918d5be020b65f1c78b173",
                "sha256:eaf8e3b97caaf9415227a3c6ca5aa8d800fecadd526538d2bf8f11af783f1550",
                "sha256:ee81349411648d1abc94095c68cd25e3c2812e4e0367f9a9355be1e804a5135c",
                "sha256:f144a790f14c51b8a8e591eb5af40507ffee45ea6b818c2482f0457fec2e1a2e",
                "sha256:f3e837d29f0e1b9d6e7b29d569e2e9b0da61889e41879832ea15569c251c303a",
                "sha256:fa8eaac75d3107e3f5465f2c9e3bbd13db21790c6e45b7de1756eba16b050aca",
                "sha256:fdc6191587de410a184550d4143e2b24a14df495c86ca15e59508710681690ac"
            ],
            "index": "pypi",
            "version": "==1.53.0"
        },
        "grpcio-tools": {
            "hashes": [
                "sha256:04b642dc43d154d9383e7e8141b0ad5e8427f46e5d9b88a87da9787d3312479c",
                "sha256:095762c550363b68320194153feb1a60586cc86cd192190e756a6b003742aca0",
                "sha256:14e1d201bbd2084e1f44ab6a8c5d6fec88c5aa94b8af946c89e6043390e88718",
                "sha256:2058b5f411578935ef8ec7943458c1d262722de1c1df26fa599b0f54232d0291",
                "sha256:20cea46554dc095796b5ed6e93ca9eae4f2865d3d8b69cef3d88738c218eb596",
                "sha256:28376d8fea76016d500b3ae8883489ccef783e5f74bb12894fdd7347d5894f6f",
                "sha256:30be4d04cae981e0764c9c6a90154de1864350a0ee6f906bb7a3fb6969da9260",
                "sha256:314bcd400730f074688570274441193296830f018d9df70902126065e34f9c18",
                "sha256:3dc77cce3ed8a99126ab78e077074711b0173238dd7a9214fe92025d42dcb8fb",
                "sha256:4328f07818bbcaf3ea3b46380c743fd65392031d3bf3c0c28fd2d3b074ae2a0a",
                "sha256:4564241ca8865163ea575187f7160d0957992974cd71bc2a217275690d0e6f18",
                "sha256:49557224e68b469d5488690136b8e6e4b0f383d5601cfef964847bb45536c72e",
                "sha256:4da4e8f7fc564b0289c4680901bb1642aef646c88f43346b6282d620cfd2a58b",
                "sha256:4f2c390ab8d9b3ae1b8ce90f1cb23102b7d28672ce6ee357845af199b31a8de6",
                "sha256:4fc02ff19903d3642d3f294a9f38999808c84cf0c12b80f854e063386611640a",
                "sha256:50d460c8e172b5b0b0a443c19219f3adf11323d1ff969a23cf4a4d9626bd4c94",
                "sha256:711451998edc6ae87e737af0c051d3eb75c3358435d880f4599c6c927ff50ec7",
                "sha256:7eed258012119f177342399e049e45652b150c3315a37114ce30ef6e99a13e3a",
                "sha256:8340e5bf4a21e45c6a39dd019b2d70691a1181cf1c5545e2ae96eb95cbf9d965",
                "sha256:844401a18a6674490657cd5040f20d0a71650d82e8573da82dc6f1d16bbec1ea",
                "sha256:87289456f7fba8ce65cfca868e0250945b85bed5b3b28a49e7e373d8a985e1e5",
                "sha256:9bbcccee9aadfcfdd063e7ad5c26926dab9a3c8d727823e9028c44641ee1e5dc",
                "sha256:aba021c82b936fec8a3fa5c15277fc11c0bf3a8f95a4a7b3f85d9b1225fff729",
                "sha256:cf74d4843651cf13afbef8aae472d51aaa500bed130f5bfbaba57ec02068f1a5",
                "sha256:d13e36a5936e04321ca703cedf9dfe61f4c837e31dd0330708303dca30aaec94",
                "sha256:d4ecf399b09bf8c646414a0385085537614ebdd221ea588d2c29ce71ade5d6f0",
                "sha256:d5857c9682ca80cad4dce6e94e9bcc35b77a4d58ec7647e0efeb29fe6183cd43",
                "sha256:da18c9ad04d0bacd8c8682b2f81feef9835f2cf27c7f59acb3e664052dacb22a",
                "sha256:df73f88859f2f86ebfd6200603be191651443237a3d02e2bd0e0308b833e5497",
                "sha256:e9b3e2bc69fbd9910dd5e7d21a1003995e46bc6853032c758eccae3ef5b9de4d",
                "sha256:ecdc2369e3f1d6e83029ca4b600aeccaa441976315fa52f518d2f53537addbe6",
                "sha256:fe60c48804528aa4c4af7be0d27b025c5494d1716d1fa4fb1a1560aab8320f4c"
            ],
            "index": "pypi",
            "version": "==1.21.1"
        },
        "protobuf": {
            "hashes": [
                "sha256:0149053336a466e3e0b040e54d0b615fc71de86da66791c592cc3c8d18150bf8",
                "sha256:08fe19d267608d438aa37019236db02b306e33f6b9902c3163838b8e75970223",
                "sha256:29660574cd769f2324a57fb78127cda59327eb6664381ecfe1c69731b83e8288",
                "sha256:2991f5e7690dab569f8f81702e6700e7364cc3b5e572725098215d3da5ccc6ac",
                "sha256:3b01a5274ac920feb75d0b372d901524f7e3ad39c63b1a2d55043f3887afe0c1",
                "sha256:3bcbeb2bf4bb61fe960dd6e005801a23a43578200ea8ceb726d1f6bd0e562ba1",
                "sha256:447b9786ac8e50ae72cae7a2eec5c5df6a9dbf9aa6f908f1b8bda6032644ea62",
                "sha256:514b6bbd54a41ca50c86dd5ad6488afe9505901b3557c5e0f7823a0cf67106fb",
                "sha256:5cb9e41188737f321f4fce9a4337bf40a5414b8d03227e1d9fbc59bc3a216e35",
                "sha256:7a92beb30600332a52cdadbedb40d33fd7c8a0d7f549c440347bc606fb3fe34b",
                "sha256:84ea0bd90c2fdd70ddd9f3d3fc0197cc24ecec1345856c2b5ba70e4d99815359",
                "sha256:aca6e86a08c5c5962f55eac9b5bd6fce6ed98645d77e8bfc2b952ecd4a8e4f6a",
                "sha256:cc14358a8742c4e06b1bfe4be1afbdf5c9f6bd094dff3e14edb78a1513893ff5"
            ],
            "markers": "python_version >= '3.7'",
            "version": "==4.23.3"
        }
    },
    "develop": {}
}
